<?xml version="1.0" encoding="utf-8"?>
<Project ToolsVersion="4.0" xmlns="http://schemas.microsoft.com/developer/msbuild/2003">
  <ItemGroup>
    <Filter Include="Source Files">
      <UniqueIdentifier>{4FC737F1-C7A5-4376-A066-2A32D752A2FF}</UniqueIdentifier>
      <Extensions>cpp;c;cc;cxx;def;odl;idl;hpj;bat;asm;asmx</Extensions>
    </Filter>
    <Filter Include="Header Files">
      <UniqueIdentifier>{93995380-89BD-4b04-88EB-625FBE52EBFB}</UniqueIdentifier>
      <Extensions>h;hh;hpp;hxx;hm;inl;inc;xsd</Extensions>
    </Filter>
    <Filter Include="Resource Files">
      <UniqueIdentifier>{67DA6AB6-F800-4c08-8B7A-83BB121AAD01}</UniqueIdentifier>
      <Extensions>rc;ico;cur;bmp;dlg;rc2;rct;bin;rgs;gif;jpg;jpeg;jpe;resx;tiff;tif;png;wav;mfcribbon-ms</Extensions>
    </Filter>
    <Filter Include="Source Files\core">
      <UniqueIdentifier>{b90b2155-e72d-4134-9d93-8a70293dfc3b}</UniqueIdentifier>
    </Filter>
    <Filter Include="Header Files\core">
      <UniqueIdentifier>{13786c6c-95b5-4a48-9b7a-b543cd6bc354}</UniqueIdentifier>
    </Filter>
    <Filter Include="Source Files\os">
      <UniqueIdentifier>{0601c3bf-2fd7-473d-abe3-46852e342657}</UniqueIdentifier>
    </Filter>
    <Filter Include="Header Files\os">
      <UniqueIdentifier>{d26f86f3-da0f-4aad-9448-9b1d4a569196}</UniqueIdentifier>
    </Filter>
    <Filter Include="Source Files\os\win32">
      <UniqueIdentifier>{3d067636-e8ae-43c0-8d62-94ca53d3a7bc}</UniqueIdentifier>
    </Filter>
    <Filter Include="Header Files\math">
      <UniqueIdentifier>{94b2b005-e014-4c13-bb58-142bf3132adc}</UniqueIdentifier>
    </Filter>
    <Filter Include="Source Files\math">
      <UniqueIdentifier>{f5b83e27-dcc0-484b-bd37-8bafdc344092}</UniqueIdentifier>
    </Filter>
    <Filter Include="Header Files\sound">
      <UniqueIdentifier>{e564fcf7-556e-4f5b-b016-7e298fee1a8a}</UniqueIdentifier>
    </Filter>
    <Filter Include="Header Files\sound\openal">
      <UniqueIdentifier>{5b827f8b-8ded-4e29-91b5-46088017ec21}</UniqueIdentifier>
    </Filter>
    <Filter Include="Source Files\sound">
      <UniqueIdentifier>{643c8107-12e4-4737-9fe9-5235aa8d0d81}</UniqueIdentifier>
    </Filter>
    <Filter Include="Source Files\sound\openal">
      <UniqueIdentifier>{49a0d5ac-f287-46cd-bc2c-504b319b0d7d}</UniqueIdentifier>
    </Filter>
    <Filter Include="Header Files\graphics">
      <UniqueIdentifier>{642a9b4b-e2fa-497e-97cf-3c73e659bfc2}</UniqueIdentifier>
    </Filter>
    <Filter Include="Source Files\graphics">
      <UniqueIdentifier>{0d6f1933-38fd-4d59-a392-69e77092441f}</UniqueIdentifier>
    </Filter>
    <Filter Include="Header Files\graphics\renderer">
      <UniqueIdentifier>{6c17839e-058a-472e-851f-8f592836f8c1}</UniqueIdentifier>
    </Filter>
    <Filter Include="Source Files\graphics\renderer">
      <UniqueIdentifier>{ef30589c-382a-4136-a550-334787ad7856}</UniqueIdentifier>
    </Filter>
    <Filter Include="Source Files\game">
      <UniqueIdentifier>{dab718cd-d399-4c50-88f2-c842130c00bf}</UniqueIdentifier>
    </Filter>
    <Filter Include="Header Files\game">
      <UniqueIdentifier>{bdd4a0db-086f-408c-8fe9-d2221149d232}</UniqueIdentifier>
    </Filter>
    <Filter Include="Source Files\resources">
      <UniqueIdentifier>{5cc808eb-91e7-4667-b4e7-fbacab343d7c}</UniqueIdentifier>
    </Filter>
    <Filter Include="Header Files\resources">
      <UniqueIdentifier>{c954d331-a764-4f78-978e-3f5232b3ddd7}</UniqueIdentifier>
    </Filter>
    <Filter Include="Header Files\io">
      <UniqueIdentifier>{8f2cedf0-65b6-4ba0-8ba3-00b55a8ed124}</UniqueIdentifier>
    </Filter>
    <Filter Include="Source Files\io">
      <UniqueIdentifier>{256fa763-d537-4de1-9d09-2945eab23e0d}</UniqueIdentifier>
    </Filter>
    <Filter Include="Source Files\game\scene">
      <UniqueIdentifier>{850cb88c-4250-4978-8804-7d8eb9611912}</UniqueIdentifier>
    </Filter>
    <Filter Include="Header Files\game\scene">
      <UniqueIdentifier>{ea903975-33d4-4d96-8619-2694cef3864a}</UniqueIdentifier>
    </Filter>
    <Filter Include="Header Files\game\scene\entities">
      <UniqueIdentifier>{d77ad9e7-4720-4fb5-8db0-b07765dabe3d}</UniqueIdentifier>
    </Filter>
    <Filter Include="Source Files\game\scene\entities">
      <UniqueIdentifier>{c111edb3-3e5f-4bbe-b441-44e9fc87b852}</UniqueIdentifier>
    </Filter>
    <Filter Include="Header Files\core\hashing">
      <UniqueIdentifier>{cbe4d6eb-af11-4a82-bfd0-386691495773}</UniqueIdentifier>
    </Filter>
    <Filter Include="Source Files\core\hashing">
      <UniqueIdentifier>{8cd167e3-7264-4c0c-911b-454f6648b500}</UniqueIdentifier>
    </Filter>
    <Filter Include="Header Files\resources\images">
      <UniqueIdentifier>{1b3a2a61-cffa-412f-91d8-0d8bb938be5c}</UniqueIdentifier>
    </Filter>
    <Filter Include="Header Files\resources\images\bmp">
      <UniqueIdentifier>{db3105b8-3ff8-47f0-9146-4c38b321b68a}</UniqueIdentifier>
    </Filter>
    <Filter Include="Source Files\resources\images">
      <UniqueIdentifier>{84a853d5-038f-43f5-842b-fba303a521fe}</UniqueIdentifier>
    </Filter>
    <Filter Include="Source Files\resources\images\bmp">
      <UniqueIdentifier>{9adfbd33-24e6-42ea-949b-23ffd5060f8a}</UniqueIdentifier>
    </Filter>
  </ItemGroup>
  <ItemGroup>
    <ClCompile Include="main.cpp">
      <Filter>Source Files</Filter>
    </ClCompile>
    <ClCompile Include="os\OS.cpp">
      <Filter>Source Files\os</Filter>
    </ClCompile>
    <ClCompile Include="core\Logger.cpp">
      <Filter>Source Files\core</Filter>
    </ClCompile>
    <ClCompile Include="math\Vector.cpp">
      <Filter>Source Files\math</Filter>
    </ClCompile>
    <ClCompile Include="video\Model.cpp">
      <Filter>Source Files\video</Filter>
    </ClCompile>
    <ClCompile Include="video\Mesh.cpp">
      <Filter>Source Files\video</Filter>
    </ClInclude>
    <ClCompile Include="sound\Sound.cpp">
      <Filter>Source Files\sound</Filter>
    </ClCompile>
    <ClCompile Include="sound\SoundMgr.cpp">
      <Filter>Source Files\sound</Filter>
    </ClCompile>
    <ClCompile Include="sound\openal\OpenALImpl.cpp">
      <Filter>Source Files\sound\openal</Filter>
    </ClCompile>
    <ClCompile Include="sound\openal\OpenALSound.cpp">
      <Filter>Source Files\sound\openal</Filter>
    </ClCompile>
    <ClCompile Include="sound\openal\OpenALSoundMgr.cpp">
      <Filter>Source Files\sound\openal</Filter>
    </ClCompile>
    <ClCompile Include="graphics\Model.cpp">
      <Filter>Source Files\graphics</Filter>
    </ClCompile>
    <ClCompile Include="graphics\Window.cpp">
      <Filter>Source Files\graphics</Filter>
    </ClCompile>
    <ClCompile Include="graphics\Mesh.cpp">
      <Filter>Source Files\graphics</Filter>
    </ClCompile>
    <ClCompile Include="graphics\renderer\Renderer.cpp">
      <Filter>Source Files\graphics\renderer</Filter>
    </ClCompile>
    <ClCompile Include="graphics\Graphics.cpp">
      <Filter>Source Files\graphics</Filter>
    </ClCompile>
    <ClCompile Include="game\Game.cpp">
      <Filter>Source Files\game</Filter>
    </ClCompile>
    <ClCompile Include="os\DynamicLibrary.cpp">
      <Filter>Source Files\os</Filter>
    </ClCompile>
    <ClCompile Include="os\win32\Win32DynamicLibrary.cpp">
      <Filter>Source Files\os\win32</Filter>
    </ClCompile>
    <ClCompile Include="resources\Resource.cpp">
      <Filter>Source Files\resources</Filter>
    </ClCompile>
    <ClCompile Include="graphics\renderer\RenderContext.cpp">
      <Filter>Source Files\graphics\renderer</Filter>
    </ClCompile>
    <ClCompile Include="graphics\Geometry.cpp">
      <Filter>Source Files\graphics</Filter>
    </ClCompile>
    <ClCompile Include="graphics\Material.cpp">
      <Filter>Source Files\graphics</Filter>
    </ClCompile>
    <ClCompile Include="graphics\Shader.cpp">
      <Filter>Source Files\graphics</Filter>
    </ClCompile>
    <ClCompile Include="graphics\Texture.cpp">
      <Filter>Source Files\graphics</Filter>
    </ClCompile>
    <ClCompile Include="io\FileSystem.cpp">
      <Filter>Source Files\io</Filter>
    </ClCompile>
    <ClCompile Include="game\scene\Scene.cpp">
      <Filter>Source Files\game\scene</Filter>
    </ClCompile>
    <ClCompile Include="core\Timer.cpp">
      <Filter>Source Files\core</Filter>
    </ClCompile>
    <ClCompile Include="game\scene\entities\Entity.cpp">
      <Filter>Source Files\game\scene\entities</Filter>
    </ClCompile>
    <ClCompile Include="graphics\FragmentShader.cpp">
      <Filter>Source Files\graphics</Filter>
    </ClCompile>
    <ClCompile Include="graphics\ShaderProgram.cpp">
      <Filter>Source Files\graphics</Filter>
    </ClCompile>
    <ClCompile Include="graphics\VertexShader.cpp">
      <Filter>Source Files\graphics</Filter>
    </ClCompile>
    <ClCompile Include="graphics\ModelFormat.cpp">
      <Filter>Source Files\graphics</Filter>
    </ClCompile>
    <ClCompile Include="graphics\VertexBuffer.cpp">
      <Filter>Source Files\graphics</Filter>
    </ClCompile>
    <ClCompile Include="graphics\IndexBuffer.cpp">
      <Filter>Source Files\graphics</Filter>
    </ClCompile>
    <ClCompile Include="graphics\BufferBase.cpp">
      <Filter>Source Files\graphics</Filter>
    </ClCompile>
    <ClCompile Include="graphics\Camera.cpp">
      <Filter>Source Files\graphics</Filter>
    </ClCompile>
    <ClCompile Include="resources\CacheableResource.cpp">
      <Filter>Source Files\resources</Filter>
    </ClCompile>
    <ClCompile Include="resources\ImageLoader.cpp">
      <Filter>Source Files\resources</Filter>
    </ClCompile>
    <ClCompile Include="resources\images\bmp\BMPImageLoader.cpp">
      <Filter>Source Files\resources\images\bmp</Filter>
    </ClCompile>
  </ItemGroup>
  <ItemGroup>
    <ClInclude Include="os\OS.h">
      <Filter>Header Files\os</Filter>
    </ClInclude>
    <ClInclude Include="core\Logger.h">
      <Filter>Header Files\core</Filter>
    </ClInclude>
    <ClInclude Include="sound\Sound.h">
      <Filter>Header Files\sound</Filter>
    </ClInclude>
    <ClInclude Include="sound\SoundMgr.h">
      <Filter>Header Files\sound</Filter>
    </ClInclude>
    <ClInclude Include="sound\WaveFile.h">
      <Filter>Header Files\sound</Filter>
    </ClInclude>
    <ClInclude Include="sound\openal\OpenALImpl.h">
      <Filter>Header Files\sound\openal</Filter>
    </ClInclude>
    <ClInclude Include="sound\openal\OpenALSound.h">
      <Filter>Header Files\sound\openal</Filter>
    </ClInclude>
    <ClInclude Include="sound\openal\OpenALSoundMgr.h">
      <Filter>Header Files\sound\openal</Filter>
    </ClInclude>
    <ClInclude Include="graphics\Mesh.h">
      <Filter>Header Files\graphics</Filter>
    </ClInclude>
    <ClInclude Include="graphics\Model.h">
      <Filter>Header Files\graphics</Filter>
    </ClInclude>
    <ClInclude Include="graphics\Window.h">
      <Filter>Header Files\graphics</Filter>
    </ClInclude>
    <ClInclude Include="graphics\renderer\Renderer.h">
      <Filter>Header Files\graphics\renderer</Filter>
    </ClInclude>
    <ClInclude Include="graphics\Graphics.h">
      <Filter>Header Files\graphics</Filter>
    </ClInclude>
    <ClInclude Include="game\Game.h">
      <Filter>Header Files\game</Filter>
    </ClInclude>
    <ClInclude Include="core\String.h">
      <Filter>Header Files\core</Filter>
    </ClInclude>
    <ClInclude Include="core\SharedPtr.h">
      <Filter>Header Files\core</Filter>
    </ClInclude>
    <ClInclude Include="core\ProtectedPtr.h">
      <Filter>Header Files\core</Filter>
    </ClInclude>
    <ClInclude Include="os\DynamicLibrary.h">
      <Filter>Header Files\os</Filter>
    </ClInclude>
    <ClInclude Include="io\CachedItem.h">
      <Filter>Header Files\io</Filter>
    </ClInclude>
    <ClInclude Include="resources\Resource.h">
      <Filter>Header Files\resources</Filter>
    </ClInclude>
    <ClInclude Include="io\FileSystem.h">
      <Filter>Header Files\io</Filter>
    </ClInclude>
    <ClInclude Include="io\File.h">
      <Filter>Header Files\io</Filter>
    </ClInclude>
    <ClInclude Include="graphics\renderer\RenderContext.h">
      <Filter>Header Files\graphics\renderer</Filter>
    </ClInclude>
    <ClInclude Include="graphics\Geometry.h">
      <Filter>Header Files\graphics</Filter>
    </ClInclude>
    <ClInclude Include="graphics\Material.h">
      <Filter>Header Files\graphics</Filter>
    </ClInclude>
    <ClInclude Include="graphics\Texture.h">
      <Filter>Header Files\graphics</Filter>
    </ClInclude>
    <ClInclude Include="graphics\Shader.h">
      <Filter>Header Files\graphics</Filter>
    </ClInclude>
    <ClInclude Include="game\scene\Scene.h">
      <Filter>Header Files\game\scene</Filter>
    </ClInclude>
    <ClInclude Include="core\Timer.h">
      <Filter>Header Files\core</Filter>
    </ClInclude>
    <ClInclude Include="core\List.h">
      <Filter>Header Files\core</Filter>
    </ClInclude>
    <ClInclude Include="game\scene\entities\Entity.h">
      <Filter>Header Files\game\scene\entities</Filter>
    </ClInclude>
    <ClInclude Include="core\DynString.h">
      <Filter>Header Files\core</Filter>
    </ClInclude>
    <ClInclude Include="core\hashing\JenkinsHash.h">
      <Filter>Header Files\core\hashing</Filter>
    </ClInclude>
    <ClInclude Include="core\hashing\Hash.h">
      <Filter>Header Files\core\hashing</Filter>
    </ClInclude>
    <ClInclude Include="graphics\FragmentShader.h">
      <Filter>Header Files\graphics</Filter>
    </ClInclude>
    <ClInclude Include="graphics\ShaderProgram.h">
      <Filter>Header Files\graphics</Filter>
    </ClInclude>
    <ClInclude Include="graphics\VertexShader.h">
      <Filter>Header Files\graphics</Filter>
    </ClInclude>
    <ClInclude Include="graphics\ModelFormat.h">
      <Filter>Header Files\graphics</Filter>
    </ClInclude>
    <ClInclude Include="graphics\VertexBuffer.h">
      <Filter>Header Files\graphics</Filter>
    </ClInclude>
    <ClInclude Include="graphics\IndexBuffer.h">
      <Filter>Header Files\graphics</Filter>
    </ClInclude>
    <ClInclude Include="graphics\BufferBase.h">
      <Filter>Header Files\graphics</Filter>
    </ClInclude>
    <ClInclude Include="Prerequisites.h">
      <Filter>Header Files</Filter>
    </ClInclude>
    <ClInclude Include="graphics\Vertex3d.h">
      <Filter>Header Files\graphics</Filter>
    </ClInclude>
    <ClInclude Include="graphics\Camera.h">
      <Filter>Header Files\graphics</Filter>
    </ClInclude>
    <ClInclude Include="resources\CacheableResource.h">
      <Filter>Header Files\resources</Filter>
    </ClInclude>
    <ClInclude Include="resources\ImageLoader.h">
      <Filter>Header Files\resources</Filter>
    </ClInclude>
    <ClInclude Include="graphics\ImageData.h">
      <Filter>Header Files\graphics</Filter>
    </ClInclude>
    <ClInclude Include="resources\images\bmp\BMPImageLoader.h">
      <Filter>Header Files\resources\images\bmp</Filter>
    </ClInclude>
  </ItemGroup>
  <ItemGroup>
    <Text Include="todo.txt">
      <Filter>Resource Files</Filter>
    </Text>
  </ItemGroup>
</Project>