<?xml version="1.0" encoding="utf-8"?>
<Project ToolsVersion="4.0" xmlns="http://schemas.microsoft.com/developer/msbuild/2003">
  <ItemGroup>
    <Filter Include="Source Files">
      <UniqueIdentifier>{4FC737F1-C7A5-4376-A066-2A32D752A2FF}</UniqueIdentifier>
      <Extensions>cpp;c;cc;cxx;def;odl;idl;hpj;bat;asm;asmx</Extensions>
    </Filter>
    <Filter Include="Header Files">
      <UniqueIdentifier>{93995380-89BD-4b04-88EB-625FBE52EBFB}</UniqueIdentifier>
      <Extensions>h;hh;hpp;hxx;hm;inl;inc;xsd</Extensions>
    </Filter>
    <Filter Include="Resource Files">
      <UniqueIdentifier>{67DA6AB6-F800-4c08-8B7A-83BB121AAD01}</UniqueIdentifier>
      <Extensions>rc;ico;cur;bmp;dlg;rc2;rct;bin;rgs;gif;jpg;jpeg;jpe;resx;tiff;tif;png;wav;mfcribbon-ms</Extensions>
    </Filter>
    <Filter Include="Source Files\core">
      <UniqueIdentifier>{b90b2155-e72d-4134-9d93-8a70293dfc3b}</UniqueIdentifier>
    </Filter>
    <Filter Include="Header Files\core">
      <UniqueIdentifier>{13786c6c-95b5-4a48-9b7a-b543cd6bc354}</UniqueIdentifier>
    </Filter>
    <Filter Include="Source Files\os">
      <UniqueIdentifier>{0601c3bf-2fd7-473d-abe3-46852e342657}</UniqueIdentifier>
    </Filter>
    <Filter Include="Header Files\os">
      <UniqueIdentifier>{d26f86f3-da0f-4aad-9448-9b1d4a569196}</UniqueIdentifier>
    </Filter>
    <Filter Include="Header Files\os\win32">
      <UniqueIdentifier>{4fb62505-d168-4f7e-936d-d0aeb90b939d}</UniqueIdentifier>
    </Filter>
    <Filter Include="Source Files\os\win32">
      <UniqueIdentifier>{3d067636-e8ae-43c0-8d62-94ca53d3a7bc}</UniqueIdentifier>
    </Filter>
    <Filter Include="Header Files\video">
      <UniqueIdentifier>{642a9b4b-e2fa-497e-97cf-3c73e659bfc2}</UniqueIdentifier>
    </Filter>
    <Filter Include="Source Files\video">
      <UniqueIdentifier>{56c16caf-505b-4f20-a359-61a3e9147ca8}</UniqueIdentifier>
    </Filter>
    <Filter Include="Header Files\video\renderer">
      <UniqueIdentifier>{3874eba0-a470-4194-aa47-68640f732978}</UniqueIdentifier>
    </Filter>
    <Filter Include="Source Files\video\renderer">
      <UniqueIdentifier>{ee9a6d7d-d2b0-44e7-bb06-58f1653eb0f9}</UniqueIdentifier>
    </Filter>
    <Filter Include="Header Files\video\renderer\opengl">
      <UniqueIdentifier>{4bc8dcc4-dfbf-403f-af8f-f0f2d4ccac77}</UniqueIdentifier>
    </Filter>
    <Filter Include="Source Files\video\renderer\opengl">
      <UniqueIdentifier>{d50c7fa7-f2cf-4415-91d4-fa5a81e0eb69}</UniqueIdentifier>
    </Filter>
    <Filter Include="Header Files\math">
      <UniqueIdentifier>{94b2b005-e014-4c13-bb58-142bf3132adc}</UniqueIdentifier>
    </Filter>
    <Filter Include="Source Files\math">
      <UniqueIdentifier>{f5b83e27-dcc0-484b-bd37-8bafdc344092}</UniqueIdentifier>
    </Filter>
  </ItemGroup>
  <ItemGroup>
    <ClCompile Include="main.cpp">
      <Filter>Source Files</Filter>
    </ClCompile>
    <ClCompile Include="core\Game.cpp">
      <Filter>Source Files\core</Filter>
    </ClCompile>
    <ClCompile Include="os\OS.cpp">
      <Filter>Source Files\os</Filter>
    </ClCompile>
    <ClCompile Include="os\win32\Win32Window.cpp">
      <Filter>Source Files\os\win32</Filter>
    </ClCompile>
    <ClCompile Include="video\Window.cpp">
      <Filter>Source Files\video</Filter>
    </ClCompile>
    <ClCompile Include="core\Logger.cpp">
      <Filter>Source Files\core</Filter>
    </ClCompile>
    <ClCompile Include="video\renderer\opengl\OpenGLRenderer.cpp">
      <Filter>Source Files\video\renderer\opengl</Filter>
    </ClCompile>
    <ClCompile Include="video\renderer\Renderer.cpp">
      <Filter>Source Files\video\renderer</Filter>
    </ClCompile>
    <ClCompile Include="video\renderer\opengl\OpenGLImpl.cpp">
      <Filter>Source Files\video\renderer\opengl</Filter>
    </ClCompile>
    <ClCompile Include="video\renderer\BufferBase.cpp">
      <Filter>Source Files\video\renderer</Filter>
    </ClCompile>
    <ClCompile Include="math\Vector.cpp">
      <Filter>Source Files\math</Filter>
    </ClCompile>
  </ItemGroup>
  <ItemGroup>
    <ClInclude Include="core\Game.h">
      <Filter>Header Files\core</Filter>
    </ClInclude>
    <ClInclude Include="os\OS.h">
      <Filter>Header Files\os</Filter>
    </ClInclude>
    <ClInclude Include="os\win32\Win32Window.h">
      <Filter>Header Files\os\win32</Filter>
    </ClInclude>
    <ClInclude Include="video\Window.h">
      <Filter>Header Files\video</Filter>
    </ClInclude>
    <ClInclude Include="core\Logger.h">
      <Filter>Header Files\core</Filter>
    </ClInclude>
    <ClInclude Include="video\renderer\Renderer.h">
      <Filter>Header Files\video\renderer</Filter>
    </ClInclude>
    <ClInclude Include="video\renderer\opengl\OpenGLRenderer.h">
      <Filter>Header Files\video\renderer\opengl</Filter>
    </ClInclude>
    <ClInclude Include="video\renderer\opengl\OpenGLImpl.h">
      <Filter>Header Files\video\renderer\opengl</Filter>
    </ClInclude>
    <ClInclude Include="video\renderer\BufferBase.h">
      <Filter>Header Files\video\renderer</Filter>
    </ClInclude>
    <ClInclude Include="math\Matrix.h">
      <Filter>Header Files\math</Filter>
    </ClInclude>
    <ClInclude Include="math\Quaternion.h">
      <Filter>Header Files\math</Filter>
    </ClInclude>
    <ClInclude Include="math\Vector.h">
      <Filter>Header Files\math</Filter>
    </ClInclude>
    <ClInclude Include="math\EulerAngles.h">
      <Filter>Header Files\math</Filter>
    </ClInclude>
  </ItemGroup>
</Project>