<?xml version="1.0" encoding="utf-8"?>
<Project ToolsVersion="4.0" xmlns="http://schemas.microsoft.com/developer/msbuild/2003">
  <ItemGroup>
    <Filter Include="Source Files">
      <UniqueIdentifier>{4FC737F1-C7A5-4376-A066-2A32D752A2FF}</UniqueIdentifier>
      <Extensions>cpp;c;cc;cxx;def;odl;idl;hpj;bat;asm;asmx</Extensions>
    </Filter>
    <Filter Include="Header Files">
      <UniqueIdentifier>{93995380-89BD-4b04-88EB-625FBE52EBFB}</UniqueIdentifier>
      <Extensions>h;hh;hpp;hxx;hm;inl;inc;xsd</Extensions>
    </Filter>
    <Filter Include="Resource Files">
      <UniqueIdentifier>{67DA6AB6-F800-4c08-8B7A-83BB121AAD01}</UniqueIdentifier>
      <Extensions>rc;ico;cur;bmp;dlg;rc2;rct;bin;rgs;gif;jpg;jpeg;jpe;resx;tiff;tif;png;wav;mfcribbon-ms</Extensions>
    </Filter>
    <Filter Include="Source Files\core">
      <UniqueIdentifier>{b90b2155-e72d-4134-9d93-8a70293dfc3b}</UniqueIdentifier>
    </Filter>
    <Filter Include="Header Files\core">
      <UniqueIdentifier>{13786c6c-95b5-4a48-9b7a-b543cd6bc354}</UniqueIdentifier>
    </Filter>
    <Filter Include="Source Files\os">
      <UniqueIdentifier>{0601c3bf-2fd7-473d-abe3-46852e342657}</UniqueIdentifier>
    </Filter>
    <Filter Include="Header Files\os">
      <UniqueIdentifier>{d26f86f3-da0f-4aad-9448-9b1d4a569196}</UniqueIdentifier>
    </Filter>
    <Filter Include="Source Files\os\win32">
      <UniqueIdentifier>{3d067636-e8ae-43c0-8d62-94ca53d3a7bc}</UniqueIdentifier>
    </Filter>
    <Filter Include="Header Files\math">
      <UniqueIdentifier>{94b2b005-e014-4c13-bb58-142bf3132adc}</UniqueIdentifier>
    </Filter>
    <Filter Include="Header Files\sound">
      <UniqueIdentifier>{e564fcf7-556e-4f5b-b016-7e298fee1a8a}</UniqueIdentifier>
    </Filter>
    <Filter Include="Header Files\sound\openal">
      <UniqueIdentifier>{5b827f8b-8ded-4e29-91b5-46088017ec21}</UniqueIdentifier>
    </Filter>
    <Filter Include="Source Files\sound">
      <UniqueIdentifier>{643c8107-12e4-4737-9fe9-5235aa8d0d81}</UniqueIdentifier>
    </Filter>
    <Filter Include="Source Files\sound\openal">
      <UniqueIdentifier>{49a0d5ac-f287-46cd-bc2c-504b319b0d7d}</UniqueIdentifier>
    </Filter>
    <Filter Include="Header Files\graphics">
      <UniqueIdentifier>{642a9b4b-e2fa-497e-97cf-3c73e659bfc2}</UniqueIdentifier>
    </Filter>
    <Filter Include="Source Files\graphics">
      <UniqueIdentifier>{0d6f1933-38fd-4d59-a392-69e77092441f}</UniqueIdentifier>
    </Filter>
    <Filter Include="Header Files\graphics\renderer">
      <UniqueIdentifier>{6c17839e-058a-472e-851f-8f592836f8c1}</UniqueIdentifier>
    </Filter>
    <Filter Include="Source Files\graphics\renderer">
      <UniqueIdentifier>{ef30589c-382a-4136-a550-334787ad7856}</UniqueIdentifier>
    </Filter>
    <Filter Include="Source Files\game">
      <UniqueIdentifier>{dab718cd-d399-4c50-88f2-c842130c00bf}</UniqueIdentifier>
    </Filter>
    <Filter Include="Header Files\game">
      <UniqueIdentifier>{bdd4a0db-086f-408c-8fe9-d2221149d232}</UniqueIdentifier>
    </Filter>
    <Filter Include="Source Files\resources">
      <UniqueIdentifier>{5cc808eb-91e7-4667-b4e7-fbacab343d7c}</UniqueIdentifier>
    </Filter>
    <Filter Include="Header Files\resources">
      <UniqueIdentifier>{c954d331-a764-4f78-978e-3f5232b3ddd7}</UniqueIdentifier>
    </Filter>
    <Filter Include="Header Files\io">
      <UniqueIdentifier>{8f2cedf0-65b6-4ba0-8ba3-00b55a8ed124}</UniqueIdentifier>
    </Filter>
    <Filter Include="Source Files\io">
      <UniqueIdentifier>{256fa763-d537-4de1-9d09-2945eab23e0d}</UniqueIdentifier>
    </Filter>
    <Filter Include="Source Files\game\scene">
      <UniqueIdentifier>{850cb88c-4250-4978-8804-7d8eb9611912}</UniqueIdentifier>
    </Filter>
    <Filter Include="Header Files\game\scene">
      <UniqueIdentifier>{ea903975-33d4-4d96-8619-2694cef3864a}</UniqueIdentifier>
    </Filter>
    <Filter Include="Header Files\game\scene\entities">
      <UniqueIdentifier>{d77ad9e7-4720-4fb5-8db0-b07765dabe3d}</UniqueIdentifier>
    </Filter>
    <Filter Include="Source Files\game\scene\entities">
      <UniqueIdentifier>{c111edb3-3e5f-4bbe-b441-44e9fc87b852}</UniqueIdentifier>
    </Filter>
    <Filter Include="Header Files\core\hashing">
      <UniqueIdentifier>{cbe4d6eb-af11-4a82-bfd0-386691495773}</UniqueIdentifier>
    </Filter>
    <Filter Include="Source Files\core\hashing">
      <UniqueIdentifier>{8cd167e3-7264-4c0c-911b-454f6648b500}</UniqueIdentifier>
    </Filter>
    <Filter Include="Header Files\resources\images">
      <UniqueIdentifier>{1b3a2a61-cffa-412f-91d8-0d8bb938be5c}</UniqueIdentifier>
    </Filter>
    <Filter Include="Header Files\resources\images\bmp">
      <UniqueIdentifier>{db3105b8-3ff8-47f0-9146-4c38b321b68a}</UniqueIdentifier>
    </Filter>
    <Filter Include="Source Files\resources\images">
      <UniqueIdentifier>{84a853d5-038f-43f5-842b-fba303a521fe}</UniqueIdentifier>
    </Filter>
    <Filter Include="Source Files\resources\images\bmp">
      <UniqueIdentifier>{9adfbd33-24e6-42ea-949b-23ffd5060f8a}</UniqueIdentifier>
    </Filter>
    <Filter Include="Header Files\io\fs">
      <UniqueIdentifier>{8e3bcd26-987d-4038-93f7-d5f6f503ed6e}</UniqueIdentifier>
    </Filter>
    <Filter Include="Header Files\io\fs\stdio">
      <UniqueIdentifier>{7264187b-66a4-45b7-8236-3f3b689fdc03}</UniqueIdentifier>
    </Filter>
    <Filter Include="Source Files\io\fs">
      <UniqueIdentifier>{a6130ffb-66fe-4faa-baa9-546e5337c83a}</UniqueIdentifier>
    </Filter>
    <Filter Include="Source Files\io\fs\stdio">
      <UniqueIdentifier>{4d923e7d-281d-4db2-ad61-8af15b9e2749}</UniqueIdentifier>
    </Filter>
    <Filter Include="Source Files\math">
      <UniqueIdentifier>{f5b83e27-dcc0-484b-bd37-8bafdc344092}</UniqueIdentifier>
    </Filter>
    <Filter Include="Source Files\game\environment">
      <UniqueIdentifier>{ba04ca6f-c794-4afa-b299-e83156bc11f4}</UniqueIdentifier>
    </Filter>
    <Filter Include="Header Files\game\environment">
      <UniqueIdentifier>{b1615187-363f-4b2c-bffa-b52c324fb97d}</UniqueIdentifier>
    </Filter>
    <Filter Include="Header Files\resources\sounds">
      <UniqueIdentifier>{6e5f504e-d395-4e3a-b8aa-78b8ef382fa1}</UniqueIdentifier>
    </Filter>
    <Filter Include="Source Files\resources\sounds">
      <UniqueIdentifier>{9f957d55-1b2b-4220-81d1-74b9b4751b10}</UniqueIdentifier>
    </Filter>
    <Filter Include="Source Files\resources\sounds\wav">
      <UniqueIdentifier>{6ab1fef6-39b9-4d67-bd68-893a8c069547}</UniqueIdentifier>
    </Filter>
    <Filter Include="Header Files\resources\sounds\wav">
      <UniqueIdentifier>{d66c336d-62c1-41f6-9304-433f3442ede6}</UniqueIdentifier>
    </Filter>
    <Filter Include="Source Files\game\scene\entities\types">
      <UniqueIdentifier>{8731653c-ac28-4ab9-9096-a16b0f656bdc}</UniqueIdentifier>
    </Filter>
    <Filter Include="Header Files\game\scene\entities\types">
      <UniqueIdentifier>{224d7998-3d1c-4b0d-8bcf-87ca1cf6f794}</UniqueIdentifier>
    </Filter>
    <Filter Include="Header Files\physics">
      <UniqueIdentifier>{f7f2be42-6caa-4eef-9f8b-28c7f9c9d614}</UniqueIdentifier>
    </Filter>
    <Filter Include="Source Files\physics">
      <UniqueIdentifier>{f8f35056-7f2a-42fc-8d10-d35a027b1f3b}</UniqueIdentifier>
    </Filter>
    <Filter Include="Header Files\graphics\fonts">
      <UniqueIdentifier>{eb528c73-569e-4e79-b171-6ad53e071dad}</UniqueIdentifier>
    </Filter>
    <Filter Include="Source Files\graphics\fonts">
      <UniqueIdentifier>{04e9a67c-87df-4002-becc-0e56aaba0ba2}</UniqueIdentifier>
    </Filter>
    <Filter Include="Header Files\input">
      <UniqueIdentifier>{9e1ca4ab-d877-4614-a02a-e27a43bbc839}</UniqueIdentifier>
    </Filter>
    <Filter Include="Source Files\input">
      <UniqueIdentifier>{cebb2d3b-0d94-48b2-bd1f-f9cc9f3ea79e}</UniqueIdentifier>
    </Filter>
    <Filter Include="Source Files\resources\materials">
      <UniqueIdentifier>{dc88e52c-a0cb-4538-aff5-b58b90b249f1}</UniqueIdentifier>
    </Filter>
    <Filter Include="Header Files\resources\materials">
      <UniqueIdentifier>{db7f6ebb-225a-40f2-8175-e5f197d7c81b}</UniqueIdentifier>
    </Filter>
    <Filter Include="Source Files\resources\models">
      <UniqueIdentifier>{cf5adf2c-196d-4bc1-9c14-b1d3595124fb}</UniqueIdentifier>
    </Filter>
    <Filter Include="Header Files\resources\models">
      <UniqueIdentifier>{4f90ea67-832c-4110-aed4-6a07df9e80a6}</UniqueIdentifier>
    </Filter>
    <Filter Include="Header Files\os\win32">
      <UniqueIdentifier>{eeea9bfd-95d5-4f3b-aaa5-956286fd7268}</UniqueIdentifier>
    </Filter>
    <Filter Include="Source Files\resources\images\jpeg">
      <UniqueIdentifier>{f3bb6697-13df-42ce-95bc-d465fe89b0c2}</UniqueIdentifier>
    </Filter>
    <Filter Include="Header Files\resources\images\jpeg">
      <UniqueIdentifier>{4c1c6395-fa95-4961-b317-c0815da1a608}</UniqueIdentifier>
    </Filter>
    <Filter Include="Header Files\resources\images\dds">
      <UniqueIdentifier>{606c3822-364e-459b-8645-735407c0cdbb}</UniqueIdentifier>
    </Filter>
    <Filter Include="Source Files\resources\images\dds">
      <UniqueIdentifier>{28fa0925-32a1-4ccf-a191-bf95f8eb6e0b}</UniqueIdentifier>
    </Filter>
    <Filter Include="Header Files\resources\images\png">
      <UniqueIdentifier>{5234607b-1a06-443d-9146-e95f0fd6d35d}</UniqueIdentifier>
    </Filter>
    <Filter Include="Source Files\resources\images\png">
      <UniqueIdentifier>{31023c4e-dab1-4b6b-96a2-83b370126c6f}</UniqueIdentifier>
    </Filter>
    <Filter Include="Source Files\core\console">
      <UniqueIdentifier>{7977012b-1262-460a-bfc0-d623d0d852c0}</UniqueIdentifier>
    </Filter>
    <Filter Include="Header Files\core\console">
      <UniqueIdentifier>{9c7bdf84-72df-4b43-9f0c-0009ee529f29}</UniqueIdentifier>
    </Filter>
    <Filter Include="Source Files\resources\sounds\ogg">
      <UniqueIdentifier>{4233acc5-4a3f-48bd-af2b-974b34c56a52}</UniqueIdentifier>
    </Filter>
    <Filter Include="Header Files\resources\sounds\ogg">
      <UniqueIdentifier>{993b3956-b610-43fb-9589-9cfb90b112d9}</UniqueIdentifier>
    </Filter>
    <Filter Include="Header Files\core\application">
      <UniqueIdentifier>{6066252a-d41d-4320-a468-2389dab24386}</UniqueIdentifier>
    </Filter>
    <Filter Include="Source Files\core\application">
      <UniqueIdentifier>{accc743d-567f-4fad-915e-d82e08b42717}</UniqueIdentifier>
    </Filter>
    <Filter Include="Header Files\graphics\ui">
      <UniqueIdentifier>{6df27b35-7834-40bd-87f9-44671fa5f3ca}</UniqueIdentifier>
    </Filter>
    <Filter Include="Source Files\graphics\ui">
      <UniqueIdentifier>{0641999b-59ff-4d96-becc-5604ea37ae07}</UniqueIdentifier>
    </Filter>
    <Filter Include="Header Files\graphics\ui\controls">
      <UniqueIdentifier>{80446fac-2eeb-4deb-aae3-2990365dfa87}</UniqueIdentifier>
    </Filter>
    <Filter Include="Source Files\graphics\ui\controls">
      <UniqueIdentifier>{57951d55-ad73-47c0-851e-7234dda6b26e}</UniqueIdentifier>
    </Filter>
    <Filter Include="Source Files\resources\sounds\ogg">
      <UniqueIdentifier>{4233acc5-4a3f-48bd-af2b-974b34c56a52}</UniqueIdentifier>
    </Filter>
    <Filter Include="Header Files\resources\sounds\ogg">
      <UniqueIdentifier>{993b3956-b610-43fb-9589-9cfb90b112d9}</UniqueIdentifier>
    </Filter>
    <Filter Include="Header Files\core\threading">
      <UniqueIdentifier>{6401510b-c889-4561-aec1-5fb9291cca13}</UniqueIdentifier>
    </Filter>
    <Filter Include="Source Files\core\threading">
      <UniqueIdentifier>{3b0a6aa0-0816-4c39-a899-76ef431939b3}</UniqueIdentifier>
    </Filter>
  </ItemGroup>
  <ItemGroup>
    <ClCompile Include="main.cpp">
      <Filter>Source Files</Filter>
    </ClCompile>
    <ClCompile Include="os\OS.cpp">
      <Filter>Source Files\os</Filter>
    </ClCompile>
    <ClCompile Include="core\Logger.cpp">
      <Filter>Source Files\core</Filter>
    </ClCompile>
    <ClCompile Include="math\Vector.cpp">
      <Filter>Source Files\math</Filter>
    </ClCompile>
    <ClCompile Include="video\Model.cpp">
      <Filter>Source Files\video</Filter>
    </ClCompile>
    <ClCompile Include="video\Mesh.cpp">
      <Filter>Source Files\video</Filter>
    </ClInclude>
    <ClCompile Include="sound\Sound.cpp">
      <Filter>Source Files\sound</Filter>
    </ClCompile>
    <ClCompile Include="sound\openal\OpenALImpl.cpp">
      <Filter>Source Files\sound\openal</Filter>
    </ClCompile>
    <ClCompile Include="graphics\Model.cpp">
      <Filter>Source Files\graphics</Filter>
    </ClCompile>
    <ClCompile Include="graphics\Window.cpp">
      <Filter>Source Files\graphics</Filter>
    </ClCompile>
    <ClCompile Include="graphics\Mesh.cpp">
      <Filter>Source Files\graphics</Filter>
    </ClCompile>
    <ClCompile Include="graphics\renderer\Renderer.cpp">
      <Filter>Source Files\graphics\renderer</Filter>
    </ClCompile>
    <ClCompile Include="game\Game.cpp">
      <Filter>Source Files\game</Filter>
    </ClCompile>
    <ClCompile Include="os\DynamicLibrary.cpp">
      <Filter>Source Files\os</Filter>
    </ClCompile>
    <ClCompile Include="os\win32\Win32DynamicLibrary.cpp">
      <Filter>Source Files\os\win32</Filter>
    </ClCompile>
    <ClCompile Include="resources\Resource.cpp">
      <Filter>Source Files\resources</Filter>
    </ClCompile>
    <ClCompile Include="graphics\renderer\RenderContext.cpp">
      <Filter>Source Files\graphics\renderer</Filter>
    </ClCompile>
    <ClCompile Include="graphics\Material.cpp">
      <Filter>Source Files\graphics</Filter>
    </ClCompile>
    <ClCompile Include="graphics\Shader.cpp">
      <Filter>Source Files\graphics</Filter>
    </ClCompile>
    <ClCompile Include="graphics\Texture.cpp">
      <Filter>Source Files\graphics</Filter>
    </ClCompile>
    <ClCompile Include="game\scene\Scene.cpp">
      <Filter>Source Files\game\scene</Filter>
    </ClCompile>
    <ClCompile Include="core\Timer.cpp">
      <Filter>Source Files\core</Filter>
    </ClCompile>
    <ClCompile Include="game\scene\entities\Entity.cpp">
      <Filter>Source Files\game\scene\entities</Filter>
    </ClCompile>
    <ClCompile Include="graphics\FragmentShader.cpp">
      <Filter>Source Files\graphics</Filter>
    </ClCompile>
    <ClCompile Include="graphics\ShaderProgram.cpp">
      <Filter>Source Files\graphics</Filter>
    </ClCompile>
    <ClCompile Include="graphics\VertexShader.cpp">
      <Filter>Source Files\graphics</Filter>
    </ClCompile>
    <ClCompile Include="graphics\ModelFormat.cpp">
      <Filter>Source Files\graphics</Filter>
    </ClCompile>
    <ClCompile Include="graphics\VertexBuffer.cpp">
      <Filter>Source Files\graphics</Filter>
    </ClCompile>
    <ClCompile Include="graphics\IndexBuffer.cpp">
      <Filter>Source Files\graphics</Filter>
    </ClCompile>
    <ClCompile Include="graphics\BufferBase.cpp">
      <Filter>Source Files\graphics</Filter>
    </ClCompile>
    <ClCompile Include="graphics\Camera.cpp">
      <Filter>Source Files\graphics</Filter>
    </ClCompile>
    <ClCompile Include="resources\CacheableResource.cpp">
      <Filter>Source Files\resources</Filter>
    </ClCompile>
    <ClCompile Include="resources\ImageLoader.cpp">
      <Filter>Source Files\resources</Filter>
    </ClCompile>
    <ClCompile Include="resources\images\bmp\BMPImageLoader.cpp">
      <Filter>Source Files\resources\images\bmp</Filter>
    </ClCompile>
    <ClCompile Include="io\fs\stdio\StdioFileSystem.cpp">
      <Filter>Source Files\io\fs\stdio</Filter>
    </ClCompile>
    <ClCompile Include="io\fs\stdio\StdioFile.cpp">
      <Filter>Source Files\io\fs\stdio</Filter>
    </ClCompile>
    <ClCompile Include="io\fs\FileSystem.cpp">
      <Filter>Source Files\io\fs</Filter>
    </ClCompile>
    <ClCompile Include="io\fs\File.cpp">
      <Filter>Source Files\io\fs</Filter>
    </ClCompile>
    <ClCompile Include="game\environment\Environment.cpp">
      <Filter>Source Files\game\environment</Filter>
    </ClCompile>
    <ClCompile Include="resources\sounds\wav\WAVSoundLoader.cpp">
      <Filter>Source Files\resources\sounds\wav</Filter>
    </ClCompile>
    <ClCompile Include="resources\SoundLoader.cpp">
      <Filter>Source Files\resources</Filter>
    </ClCompile>
    <ClCompile Include="sound\SoundManager.cpp">
      <Filter>Source Files\sound</Filter>
    </ClCompile>
    <ClCompile Include="game\scene\entities\types\CrossroadEntity.cpp">
      <Filter>Source Files\game\scene\entities\types</Filter>
    </ClCompile>
    <ClCompile Include="game\scene\entities\types\BoxEntity.cpp">
      <Filter>Source Files\game\scene\entities\types</Filter>
    </ClCompile>
    <ClCompile Include="physics\PhysicsWorld.cpp">
      <Filter>Source Files\physics</Filter>
    </ClCompile>
    <ClCompile Include="physics\PhysicalEntity.cpp">
      <Filter>Source Files\physics</Filter>
    </ClCompile>
    <ClCompile Include="game\scene\entities\types\BallEntity.cpp">
      <Filter>Source Files\game\scene\entities\types</Filter>
    </ClCompile>
    <ClCompile Include="graphics\fonts\Font.cpp">
      <Filter>Source Files\graphics\fonts</Filter>
    </ClCompile>
    <ClCompile Include="input\Controllable.cpp">
      <Filter>Source Files\input</Filter>
    </ClCompile>
    <ClCompile Include="input\Input.cpp">
      <Filter>Source Files\input</Filter>
    </ClCompile>
    <ClCompile Include="graphics\FreeCamera.cpp">
      <Filter>Source Files\graphics</Filter>
    </ClCompile>
    <ClCompile Include="resources\materials\MaterialLib.cpp">
      <Filter>Source Files\resources\materials</Filter>
    </ClCompile>
    <ClCompile Include="resources\models\ModelLib.cpp">
      <Filter>Source Files\resources\models</Filter>
    </ClCompile>
    <ClCompile Include="io\Config.cpp">
      <Filter>Source Files\io</Filter>
    </ClCompile>
    <ClCompile Include="core\ExceptionHandler.cpp">
      <Filter>Source Files\core</Filter>
    </ClCompile>
    <ClCompile Include="resources\images\jpeg\JPEGImageLoader.cpp">
      <Filter>Source Files\resources\images\jpeg</Filter>
    </ClCompile>
    <ClCompile Include="resources\images\dds\DDSImageLoader.cpp">
      <Filter>Source Files\resources\images\dds</Filter>
    </ClCompile>
    <ClCompile Include="resources\images\png\PNGImageLoader.cpp">
      <Filter>Source Files\resources\images\png</Filter>
    </ClCompile>
    <ClCompile Include="core\console\Console.cpp">
      <Filter>Source Files\core\console</Filter>
    </ClCompile>
    <ClCompile Include="game\environment\Terrain.cpp">
      <Filter>Source Files\game\environment</Filter>
    </ClCompile>
    <ClCompile Include="resources\sounds\ogg\OGGsoundLoader.cpp">
      <Filter>Source Files\resources\sounds\ogg</Filter>
    </ClCompile>
    <ClCompile Include="graphics\EditorFreeCamera.cpp">
      <Filter>Source Files\graphics</Filter>
    </ClCompile>
    <ClCompile Include="core\application\Application.cpp">
      <Filter>Source Files\core\application</Filter>
    </ClCompile>
    <ClCompile Include="graphics\ui\UIManager.cpp">
      <Filter>Source Files\graphics\ui</Filter>
    </ClCompile>
    <ClCompile Include="graphics\renderer\UIRenderContext.cpp">
      <Filter>Source Files\graphics\renderer</Filter>
    </ClCompile>
    <ClCompile Include="graphics\ui\UIView.cpp">
      <Filter>Source Files\graphics\ui</Filter>
    </ClCompile>
    <ClCompile Include="graphics\ui\controls\UIControl.cpp">
      <Filter>Source Files\graphics\ui\controls</Filter>
    </ClCompile>
    <ClCompile Include="graphics\ui\controls\UIButton.cpp">
      <Filter>Source Files\graphics\ui\controls</Filter>
    </ClCompile>
    <ClCompile Include="resources\sounds\ogg\OGGSoundLoader.cpp">
      <Filter>Source Files\resources\sounds\ogg</Filter>
    </ClCompile>
    <ClCompile Include="core\threading\Thread.cpp">
      <Filter>Source Files\core\threading</Filter>
    </ClCompile>
  </ItemGroup>
  <ItemGroup>
    <ClInclude Include="os\OS.h">
      <Filter>Header Files\os</Filter>
    </ClInclude>
    <ClInclude Include="core\Logger.h">
      <Filter>Header Files\core</Filter>
    </ClInclude>
    <ClInclude Include="sound\Sound.h">
      <Filter>Header Files\sound</Filter>
    </ClInclude>
    <ClInclude Include="sound\openal\OpenALImpl.h">
      <Filter>Header Files\sound\openal</Filter>
    </ClInclude>
    <ClInclude Include="graphics\Mesh.h">
      <Filter>Header Files\graphics</Filter>
    </ClInclude>
    <ClInclude Include="graphics\Model.h">
      <Filter>Header Files\graphics</Filter>
    </ClInclude>
    <ClInclude Include="graphics\Window.h">
      <Filter>Header Files\graphics</Filter>
    </ClInclude>
    <ClInclude Include="graphics\renderer\Renderer.h">
      <Filter>Header Files\graphics\renderer</Filter>
    </ClInclude>
    <ClInclude Include="game\Game.h">
      <Filter>Header Files\game</Filter>
    </ClInclude>
    <ClInclude Include="core\String.h">
      <Filter>Header Files\core</Filter>
    </ClInclude>
    <ClInclude Include="core\SharedPtr.h">
      <Filter>Header Files\core</Filter>
    </ClInclude>
    <ClInclude Include="os\DynamicLibrary.h">
      <Filter>Header Files\os</Filter>
    </ClInclude>
    <ClInclude Include="resources\Resource.h">
      <Filter>Header Files\resources</Filter>
    </ClInclude>
    <ClInclude Include="graphics\renderer\RenderContext.h">
      <Filter>Header Files\graphics\renderer</Filter>
    </ClInclude>
    <ClInclude Include="graphics\Geometry.h">
      <Filter>Header Files\graphics</Filter>
    </ClInclude>
    <ClInclude Include="graphics\Material.h">
      <Filter>Header Files\graphics</Filter>
    </ClInclude>
    <ClInclude Include="graphics\Texture.h">
      <Filter>Header Files\graphics</Filter>
    </ClInclude>
    <ClInclude Include="graphics\Shader.h">
      <Filter>Header Files\graphics</Filter>
    </ClInclude>
    <ClInclude Include="game\scene\Scene.h">
      <Filter>Header Files\game\scene</Filter>
    </ClInclude>
    <ClInclude Include="core\Timer.h">
      <Filter>Header Files\core</Filter>
    </ClInclude>
    <ClInclude Include="core\List.h">
      <Filter>Header Files\core</Filter>
    </ClInclude>
    <ClInclude Include="game\scene\entities\Entity.h">
      <Filter>Header Files\game\scene\entities</Filter>
    </ClInclude>
    <ClInclude Include="core\DynString.h">
      <Filter>Header Files\core</Filter>
    </ClInclude>
    <ClInclude Include="core\hashing\JenkinsHash.h">
      <Filter>Header Files\core\hashing</Filter>
    </ClInclude>
    <ClInclude Include="core\hashing\Hash.h">
      <Filter>Header Files\core\hashing</Filter>
    </ClInclude>
    <ClInclude Include="graphics\FragmentShader.h">
      <Filter>Header Files\graphics</Filter>
    </ClInclude>
    <ClInclude Include="graphics\ShaderProgram.h">
      <Filter>Header Files\graphics</Filter>
    </ClInclude>
    <ClInclude Include="graphics\VertexShader.h">
      <Filter>Header Files\graphics</Filter>
    </ClInclude>
    <ClInclude Include="graphics\ModelFormat.h">
      <Filter>Header Files\graphics</Filter>
    </ClInclude>
    <ClInclude Include="graphics\VertexBuffer.h">
      <Filter>Header Files\graphics</Filter>
    </ClInclude>
    <ClInclude Include="graphics\IndexBuffer.h">
      <Filter>Header Files\graphics</Filter>
    </ClInclude>
    <ClInclude Include="graphics\BufferBase.h">
      <Filter>Header Files\graphics</Filter>
    </ClInclude>
    <ClInclude Include="Prerequisites.h">
      <Filter>Header Files</Filter>
    </ClInclude>
    <ClInclude Include="graphics\Vertex3d.h">
      <Filter>Header Files\graphics</Filter>
    </ClInclude>
    <ClInclude Include="graphics\Camera.h">
      <Filter>Header Files\graphics</Filter>
    </ClInclude>
    <ClInclude Include="resources\CacheableResource.h">
      <Filter>Header Files\resources</Filter>
    </ClInclude>
    <ClInclude Include="resources\ImageLoader.h">
      <Filter>Header Files\resources</Filter>
    </ClInclude>
    <ClInclude Include="graphics\ImageData.h">
      <Filter>Header Files\graphics</Filter>
    </ClInclude>
    <ClInclude Include="resources\images\bmp\BMPImageLoader.h">
      <Filter>Header Files\resources\images\bmp</Filter>
    </ClInclude>
    <ClInclude Include="io\fs\stdio\StdioFile.h">
      <Filter>Header Files\io\fs\stdio</Filter>
    </ClInclude>
    <ClInclude Include="io\fs\stdio\StdioFileSystem.h">
      <Filter>Header Files\io\fs\stdio</Filter>
    </ClInclude>
    <ClInclude Include="io\fs\File.h">
      <Filter>Header Files\io\fs</Filter>
    </ClInclude>
    <ClInclude Include="io\fs\FileSystem.h">
      <Filter>Header Files\io\fs</Filter>
    </ClInclude>
    <ClInclude Include="io\fs\FileOpenMode.h">
      <Filter>Header Files\io\fs</Filter>
    </ClInclude>
    <ClInclude Include="core\Singleton.h">
      <Filter>Header Files\core</Filter>
    </ClInclude>
    <ClInclude Include="core\Array.h">
      <Filter>Header Files\core</Filter>
    </ClInclude>
    <ClInclude Include="core\DynArray.h">
      <Filter>Header Files\core</Filter>
    </ClInclude>
    <ClInclude Include="game\environment\Environment.h">
      <Filter>Header Files\game\environment</Filter>
    </ClInclude>
    <ClInclude Include="resources\SoundLoader.h">
      <Filter>Header Files\resources</Filter>
    </ClInclude>
    <ClInclude Include="resources\sounds\wav\WAVSoundLoader.h">
      <Filter>Header Files\resources\sounds\wav</Filter>
    </ClInclude>
    <ClInclude Include="sound\SoundData.h">
      <Filter>Header Files\sound</Filter>
    </ClInclude>
    <ClInclude Include="sound\SoundManager.h">
      <Filter>Header Files\sound</Filter>
    </ClInclude>
    <ClInclude Include="game\scene\entities\types\CrossroadEntity.h">
      <Filter>Header Files\game\scene\entities\types</Filter>
    </ClInclude>
    <ClInclude Include="math\AABB.h">
      <Filter>Header Files\math</Filter>
    </ClInclude>
    <ClInclude Include="game\scene\entities\types\BoxEntity.h">
      <Filter>Header Files\game\scene\entities\types</Filter>
    </ClInclude>
    <ClInclude Include="physics\PhysicsWorld.h">
      <Filter>Header Files\physics</Filter>
    </ClInclude>
    <ClInclude Include="physics\PhysicalEntity.h">
      <Filter>Header Files\physics</Filter>
    </ClInclude>
    <ClInclude Include="game\scene\entities\types\BallEntity.h">
      <Filter>Header Files\game\scene\entities\types</Filter>
    </ClInclude>
    <ClInclude Include="graphics\fonts\Font.h">
      <Filter>Header Files\graphics\fonts</Filter>
    </ClInclude>
    <ClInclude Include="math\Rect.h">
      <Filter>Header Files\math</Filter>
    </ClInclude>
    <ClInclude Include="input\Controllable.h">
      <Filter>Header Files\input</Filter>
    </ClInclude>
    <ClInclude Include="input\Input.h">
      <Filter>Header Files\input</Filter>
    </ClInclude>
    <ClInclude Include="graphics\FreeCamera.h">
      <Filter>Header Files\graphics</Filter>
    </ClInclude>
    <ClInclude Include="resources\materials\MaterialLib.h">
      <Filter>Header Files\resources\materials</Filter>
    </ClInclude>
    <ClInclude Include="resources\ResourceLib.h">
      <Filter>Header Files\resources</Filter>
    </ClInclude>
    <ClInclude Include="resources\models\ModelLib.h">
      <Filter>Header Files\resources\models</Filter>
    </ClInclude>
    <ClInclude Include="io\Config.h">
      <Filter>Header Files\io</Filter>
    </ClInclude>
    <ClInclude Include="core\ExceptionHandler.h">
      <Filter>Header Files\core</Filter>
    </ClInclude>
    <ClInclude Include="os\win32\Win32DynamicLibrary.h">
      <Filter>Header Files\os\win32</Filter>
    </ClInclude>
    <ClInclude Include="core\WDynString.h">
      <Filter>Header Files\core</Filter>
    </ClInclude>
    <ClInclude Include="core\WString.h">
      <Filter>Header Files\core</Filter>
    </ClInclude>
    <ClInclude Include="resources\images\jpeg\JPEGImageLoader.h">
      <Filter>Header Files\resources\images\jpeg</Filter>
    </ClInclude>
    <ClInclude Include="resources\images\dds\DDSImageLoader.h">
      <Filter>Header Files\resources\images\dds</Filter>
    </ClInclude>
    <ClInclude Include="resources\images\png\PNGImageLoader.h">
      <Filter>Header Files\resources\images\png</Filter>
    </ClInclude>
    <ClInclude Include="input\KeyEnum.h">
      <Filter>Header Files\input</Filter>
    </ClInclude>
    <ClInclude Include="input\ControllableType.h">
      <Filter>Header Files\input</Filter>
    </ClInclude>
    <ClInclude Include="core\console\Console.h">
      <Filter>Header Files\core\console</Filter>
    </ClInclude>
    <ClInclude Include="graphics\Vertex2d.h">
      <Filter>Header Files\graphics</Filter>
    </ClInclude>
    <ClInclude Include="game\environment\Terrain.h">
      <Filter>Header Files\game\environment</Filter>
    </ClInclude>
    <ClInclude Include="resources\sounds\ogg\OGGsoundLoader.h">
      <Filter>Header Files\resources\sounds\ogg</Filter>
    </ClInclude>
    <ClInclude Include="graphics\EditorFreeCamera.h">
      <Filter>Header Files\graphics</Filter>
    </ClInclude>
    <ClInclude Include="core\application\Application.h">
      <Filter>Header Files\core\application</Filter>
    </ClInclude>
    <ClInclude Include="graphics\ui\UIManager.h">
      <Filter>Header Files\graphics\ui</Filter>
    </ClInclude>
    <ClInclude Include="graphics\renderer\UIRenderContext.h">
      <Filter>Header Files\graphics\renderer</Filter>
    </ClInclude>
    <ClInclude Include="graphics\ui\UIView.h">
      <Filter>Header Files\graphics\ui</Filter>
    </ClInclude>
    <ClInclude Include="graphics\ui\controls\UIControl.h">
      <Filter>Header Files\graphics\ui\controls</Filter>
    </ClInclude>
    <ClInclude Include="graphics\ui\controls\UIButton.h">
      <Filter>Header Files\graphics\ui\controls</Filter>
    </ClInclude>
    <ClInclude Include="resources\sounds\ogg\OGGSoundLoader.h">
      <Filter>Header Files\resources\sounds\ogg</Filter>
    </ClInclude>
    <ClInclude Include="resource.h">
      <Filter>Header Files</Filter>
    </ClInclude>
    <ClInclude Include="core\threading\Thread.h">
      <Filter>Header Files\core\threading</Filter>
    </ClInclude>
  </ItemGroup>
  <ItemGroup>
    <Text Include="todo.txt">
      <Filter>Resource Files</Filter>
    </Text>
  </ItemGroup>
  <ItemGroup>
    <ResourceCompile Include="Resource.rc">
      <Filter>Resource Files</Filter>
    </ResourceCompile>
  </ItemGroup>
</Project>