
Microsoft Visual Studio Solution File, Format Version 12.00
# Visual Studio 2013
VisualStudioVersion = 12.0.31101.0
MinimumVisualStudioVersion = 10.0.40219.1
Project("{8BC9CEB8-8B4A-11D0-8D11-00A0C91BC942}") = "ctt", "game\ctt\ctt.vcxproj", "{5C7A564B-3264-41C0-B2F7-D0A58B09A57B}"
	ProjectSection(ProjectDependencies) = postProject
		{CEBDE98B-A6AA-46E6-BC79-FAAF823DB9EC} = {CEBDE98B-A6AA-46E6-BC79-FAAF823DB9EC}
		{0E76368C-1B29-5B42-BE24-81E49E26CA3D} = {0E76368C-1B29-5B42-BE24-81E49E26CA3D}
		{018046A5-4DC9-E545-922C-8DE3390856C4} = {018046A5-4DC9-E545-922C-8DE3390856C4}
		{81CE8DAF-EBB2-4761-8E45-B71ABCCA8C68} = {81CE8DAF-EBB2-4761-8E45-B71ABCCA8C68}
		{05BC36B2-4D46-CB45-8382-50CD84C09783} = {05BC36B2-4D46-CB45-8382-50CD84C09783}
		{78B079BD-9FC7-4B9E-B4A6-96DA0F00248B} = {78B079BD-9FC7-4B9E-B4A6-96DA0F00248B}
		{92C379EB-18C9-41B6-9F8C-11D9F6DC52F2} = {92C379EB-18C9-41B6-9F8C-11D9F6DC52F2}
		{15CBFEFF-7965-41F5-B4E2-21E8795C9159} = {15CBFEFF-7965-41F5-B4E2-21E8795C9159}
	EndProjectSection
EndProject
Project("{8BC9CEB8-8B4A-11D0-8D11-00A0C91BC942}") = "SDL2", "libs\SDL2-2.0.3\VisualC\SDL\SDL_VS2013.vcxproj", "{81CE8DAF-EBB2-4761-8E45-B71ABCCA8C68}"
EndProject
Project("{8BC9CEB8-8B4A-11D0-8D11-00A0C91BC942}") = "jsoncpp", "libs\jsoncpp\jsoncpp.vcxproj", "{92C379EB-18C9-41B6-9F8C-11D9F6DC52F2}"
EndProject
Project("{2150E333-8FDC-42A3-9474-1A3956D46DE8}") = "Engine", "Engine", "{B6B7F81A-EE0E-4155-9AED-A52BDF487820}"
EndProject
Project("{2150E333-8FDC-42A3-9474-1A3956D46DE8}") = "Libraries", "Libraries", "{19120C62-3B01-4CC5-AF59-816AA1D60B3A}"
EndProject
Project("{2150E333-8FDC-42A3-9474-1A3956D46DE8}") = "Bullet", "Bullet", "{E87D4C46-F029-49FF-B578-D99CF10C9400}"
EndProject
Project("{8BC9CEB8-8B4A-11D0-8D11-00A0C91BC942}") = "BulletCollision", "libs\bullet\build3\vs2010\BulletCollision.vcxproj", "{018046A5-4DC9-E545-922C-8DE3390856C4}"
EndProject
Project("{8BC9CEB8-8B4A-11D0-8D11-00A0C91BC942}") = "BulletDynamics", "libs\bullet\build3\vs2010\BulletDynamics.vcxproj", "{0E76368C-1B29-5B42-BE24-81E49E26CA3D}"
EndProject
Project("{8BC9CEB8-8B4A-11D0-8D11-00A0C91BC942}") = "LinearMath", "libs\bullet\build3\vs2010\LinearMath.vcxproj", "{05BC36B2-4D46-CB45-8382-50CD84C09783}"
EndProject
Project("{8BC9CEB8-8B4A-11D0-8D11-00A0C91BC942}") = "freetype", "libs\freetype-2.5.3\builds\windows\vc2013_ctt\freetype.vcxproj", "{78B079BD-9FC7-4B9E-B4A6-96DA0F00248B}"
EndProject
Project("{8BC9CEB8-8B4A-11D0-8D11-00A0C91BC942}") = "jpeg", "libs\jpeg-9a\jpeg.vcxproj", "{019DBD2A-273D-4BA4-BF86-B5EFE2ED76B1}"
EndProject
Project("{8BC9CEB8-8B4A-11D0-8D11-00A0C91BC942}") = "zlib", "libs\zlib-1.2.8\win32\zlib.vcxproj", "{60F89955-91C6-3A36-8000-13C592FEC2DF}"
EndProject
Project("{8BC9CEB8-8B4A-11D0-8D11-00A0C91BC942}") = "libpng", "libs\lpng1612\projects\vstudio\libpng\libpng.vcxproj", "{D6973076-9317-4EF2-A0B8-B7A18AC0713E}"
EndProject
Project("{8BC9CEB8-8B4A-11D0-8D11-00A0C91BC942}") = "libvorbis_static", "libs\libvorbis-1.3.4\win32\VS2010\libvorbis\libvorbis_static.vcxproj", "{3A214E06-B95E-4D61-A291-1F8DF2EC10FD}"
	ProjectSection(ProjectDependencies) = postProject
		{15CBFEFF-7965-41F5-B4E2-21E8795C9159} = {15CBFEFF-7965-41F5-B4E2-21E8795C9159}
	EndProjectSection
EndProject
Project("{8BC9CEB8-8B4A-11D0-8D11-00A0C91BC942}") = "libogg_static", "libs\libogg-1.3.2\win32\VS2010\libogg_static.vcxproj", "{15CBFEFF-7965-41F5-B4E2-21E8795C9159}"
EndProject
Project("{8BC9CEB8-8B4A-11D0-8D11-00A0C91BC942}") = "libvorbisfile", "libs\libvorbis-1.3.4\win32\VS2010\libvorbisfile\libvorbisfile_static.vcxproj", "{CEBDE98B-A6AA-46E6-BC79-FAAF823DB9EC}"
EndProject
Global
	GlobalSection(SolutionConfigurationPlatforms) = preSolution
		Debug|Win32 = Debug|Win32
		Debug|x64 = Debug|x64
		Release|Win32 = Release|Win32
		Release|x64 = Release|x64
	EndGlobalSection
	GlobalSection(ProjectConfigurationPlatforms) = postSolution
		{5C7A564B-3264-41C0-B2F7-D0A58B09A57B}.Debug|Win32.ActiveCfg = Debug|Win32
		{5C7A564B-3264-41C0-B2F7-D0A58B09A57B}.Debug|Win32.Build.0 = Debug|Win32
		{5C7A564B-3264-41C0-B2F7-D0A58B09A57B}.Debug|x64.ActiveCfg = Debug|x64
		{5C7A564B-3264-41C0-B2F7-D0A58B09A57B}.Debug|x64.Build.0 = Debug|x64
		{5C7A564B-3264-41C0-B2F7-D0A58B09A57B}.Release|Win32.ActiveCfg = Release|Win32
		{5C7A564B-3264-41C0-B2F7-D0A58B09A57B}.Release|Win32.Build.0 = Release|Win32
		{5C7A564B-3264-41C0-B2F7-D0A58B09A57B}.Release|x64.ActiveCfg = Release|x64
		{5C7A564B-3264-41C0-B2F7-D0A58B09A57B}.Release|x64.Build.0 = Release|x64
		{81CE8DAF-EBB2-4761-8E45-B71ABCCA8C68}.Debug|Win32.ActiveCfg = Debug|Win32
		{81CE8DAF-EBB2-4761-8E45-B71ABCCA8C68}.Debug|Win32.Build.0 = Debug|Win32
		{81CE8DAF-EBB2-4761-8E45-B71ABCCA8C68}.Debug|x64.ActiveCfg = Debug|x64
		{81CE8DAF-EBB2-4761-8E45-B71ABCCA8C68}.Debug|x64.Build.0 = Debug|x64
		{81CE8DAF-EBB2-4761-8E45-B71ABCCA8C68}.Release|Win32.ActiveCfg = Release|Win32
		{81CE8DAF-EBB2-4761-8E45-B71ABCCA8C68}.Release|Win32.Build.0 = Release|Win32
		{81CE8DAF-EBB2-4761-8E45-B71ABCCA8C68}.Release|x64.ActiveCfg = Release|x64
		{81CE8DAF-EBB2-4761-8E45-B71ABCCA8C68}.Release|x64.Build.0 = Release|x64
		{92C379EB-18C9-41B6-9F8C-11D9F6DC52F2}.Debug|Win32.ActiveCfg = Debug|Win32
		{92C379EB-18C9-41B6-9F8C-11D9F6DC52F2}.Debug|Win32.Build.0 = Debug|Win32
		{92C379EB-18C9-41B6-9F8C-11D9F6DC52F2}.Debug|x64.ActiveCfg = Debug|x64
		{92C379EB-18C9-41B6-9F8C-11D9F6DC52F2}.Debug|x64.Build.0 = Debug|x64
		{92C379EB-18C9-41B6-9F8C-11D9F6DC52F2}.Release|Win32.ActiveCfg = Release|Win32
		{92C379EB-18C9-41B6-9F8C-11D9F6DC52F2}.Release|Win32.Build.0 = Release|Win32
		{92C379EB-18C9-41B6-9F8C-11D9F6DC52F2}.Release|x64.ActiveCfg = Release|x64
		{92C379EB-18C9-41B6-9F8C-11D9F6DC52F2}.Release|x64.Build.0 = Release|x64
		{018046A5-4DC9-E545-922C-8DE3390856C4}.Debug|Win32.ActiveCfg = Debug|Win32
		{018046A5-4DC9-E545-922C-8DE3390856C4}.Debug|Win32.Build.0 = Debug|Win32
		{018046A5-4DC9-E545-922C-8DE3390856C4}.Debug|x64.ActiveCfg = Debug|x64
		{018046A5-4DC9-E545-922C-8DE3390856C4}.Debug|x64.Build.0 = Debug|x64
		{018046A5-4DC9-E545-922C-8DE3390856C4}.Release|Win32.ActiveCfg = Release|Win32
		{018046A5-4DC9-E545-922C-8DE3390856C4}.Release|Win32.Build.0 = Release|Win32
		{018046A5-4DC9-E545-922C-8DE3390856C4}.Release|x64.ActiveCfg = Release|x64
		{018046A5-4DC9-E545-922C-8DE3390856C4}.Release|x64.Build.0 = Release|x64
		{0E76368C-1B29-5B42-BE24-81E49E26CA3D}.Debug|Win32.ActiveCfg = Debug|Win32
		{0E76368C-1B29-5B42-BE24-81E49E26CA3D}.Debug|Win32.Build.0 = Debug|Win32
		{0E76368C-1B29-5B42-BE24-81E49E26CA3D}.Debug|x64.ActiveCfg = Debug|x64
		{0E76368C-1B29-5B42-BE24-81E49E26CA3D}.Debug|x64.Build.0 = Debug|x64
		{0E76368C-1B29-5B42-BE24-81E49E26CA3D}.Release|Win32.ActiveCfg = Release|Win32
		{0E76368C-1B29-5B42-BE24-81E49E26CA3D}.Release|Win32.Build.0 = Release|Win32
		{0E76368C-1B29-5B42-BE24-81E49E26CA3D}.Release|x64.ActiveCfg = Release|x64
		{0E76368C-1B29-5B42-BE24-81E49E26CA3D}.Release|x64.Build.0 = Release|x64
		{05BC36B2-4D46-CB45-8382-50CD84C09783}.Debug|Win32.ActiveCfg = Debug|Win32
		{05BC36B2-4D46-CB45-8382-50CD84C09783}.Debug|Win32.Build.0 = Debug|Win32
		{05BC36B2-4D46-CB45-8382-50CD84C09783}.Debug|x64.ActiveCfg = Debug|x64
		{05BC36B2-4D46-CB45-8382-50CD84C09783}.Debug|x64.Build.0 = Debug|x64
		{05BC36B2-4D46-CB45-8382-50CD84C09783}.Release|Win32.ActiveCfg = Release|Win32
		{05BC36B2-4D46-CB45-8382-50CD84C09783}.Release|Win32.Build.0 = Release|Win32
		{05BC36B2-4D46-CB45-8382-50CD84C09783}.Release|x64.ActiveCfg = Release|x64
		{05BC36B2-4D46-CB45-8382-50CD84C09783}.Release|x64.Build.0 = Release|x64
		{78B079BD-9FC7-4B9E-B4A6-96DA0F00248B}.Debug|Win32.ActiveCfg = Debug|Win32
		{78B079BD-9FC7-4B9E-B4A6-96DA0F00248B}.Debug|Win32.Build.0 = Debug|Win32
		{78B079BD-9FC7-4B9E-B4A6-96DA0F00248B}.Debug|x64.ActiveCfg = Debug|x64
		{78B079BD-9FC7-4B9E-B4A6-96DA0F00248B}.Debug|x64.Build.0 = Debug|x64
		{78B079BD-9FC7-4B9E-B4A6-96DA0F00248B}.Release|Win32.ActiveCfg = Release|Win32
		{78B079BD-9FC7-4B9E-B4A6-96DA0F00248B}.Release|Win32.Build.0 = Release|Win32
		{78B079BD-9FC7-4B9E-B4A6-96DA0F00248B}.Release|x64.ActiveCfg = Release|x64
		{78B079BD-9FC7-4B9E-B4A6-96DA0F00248B}.Release|x64.Build.0 = Release|x64
		{019DBD2A-273D-4BA4-BF86-B5EFE2ED76B1}.Debug|Win32.ActiveCfg = Debug|Win32
		{019DBD2A-273D-4BA4-BF86-B5EFE2ED76B1}.Debug|Win32.Build.0 = Debug|Win32
		{019DBD2A-273D-4BA4-BF86-B5EFE2ED76B1}.Debug|x64.ActiveCfg = Release|x64
		{019DBD2A-273D-4BA4-BF86-B5EFE2ED76B1}.Debug|x64.Build.0 = Release|x64
		{019DBD2A-273D-4BA4-BF86-B5EFE2ED76B1}.Release|Win32.ActiveCfg = Release|Win32
		{019DBD2A-273D-4BA4-BF86-B5EFE2ED76B1}.Release|Win32.Build.0 = Release|Win32
		{019DBD2A-273D-4BA4-BF86-B5EFE2ED76B1}.Release|x64.ActiveCfg = Release|x64
		{019DBD2A-273D-4BA4-BF86-B5EFE2ED76B1}.Release|x64.Build.0 = Release|x64
		{60F89955-91C6-3A36-8000-13C592FEC2DF}.Debug|Win32.ActiveCfg = Debug|Win32
		{60F89955-91C6-3A36-8000-13C592FEC2DF}.Debug|Win32.Build.0 = Debug|Win32
		{60F89955-91C6-3A36-8000-13C592FEC2DF}.Debug|x64.ActiveCfg = Debug|x64
		{60F89955-91C6-3A36-8000-13C592FEC2DF}.Debug|x64.Build.0 = Debug|x64
		{60F89955-91C6-3A36-8000-13C592FEC2DF}.Release|Win32.ActiveCfg = Release|Win32
		{60F89955-91C6-3A36-8000-13C592FEC2DF}.Release|Win32.Build.0 = Release|Win32
		{60F89955-91C6-3A36-8000-13C592FEC2DF}.Release|x64.ActiveCfg = Release|x64
		{60F89955-91C6-3A36-8000-13C592FEC2DF}.Release|x64.Build.0 = Release|x64
		{D6973076-9317-4EF2-A0B8-B7A18AC0713E}.Debug|Win32.ActiveCfg = Debug|Win32
		{D6973076-9317-4EF2-A0B8-B7A18AC0713E}.Debug|Win32.Build.0 = Debug|Win32
		{D6973076-9317-4EF2-A0B8-B7A18AC0713E}.Debug|x64.ActiveCfg = Debug|x64
		{D6973076-9317-4EF2-A0B8-B7A18AC0713E}.Debug|x64.Build.0 = Debug|x64
		{D6973076-9317-4EF2-A0B8-B7A18AC0713E}.Release|Win32.ActiveCfg = Release|Win32
		{D6973076-9317-4EF2-A0B8-B7A18AC0713E}.Release|Win32.Build.0 = Release|Win32
		{D6973076-9317-4EF2-A0B8-B7A18AC0713E}.Release|x64.ActiveCfg = Release Library|x64
		{D6973076-9317-4EF2-A0B8-B7A18AC0713E}.Release|x64.Build.0 = Release Library|x64
		{3A214E06-B95E-4D61-A291-1F8DF2EC10FD}.Debug|Win32.ActiveCfg = Debug|Win32
		{3A214E06-B95E-4D61-A291-1F8DF2EC10FD}.Debug|Win32.Build.0 = Debug|Win32
		{3A214E06-B95E-4D61-A291-1F8DF2EC10FD}.Debug|x64.ActiveCfg = Debug|x64
		{3A214E06-B95E-4D61-A291-1F8DF2EC10FD}.Debug|x64.Build.0 = Debug|x64
		{3A214E06-B95E-4D61-A291-1F8DF2EC10FD}.Release|Win32.ActiveCfg = Release|Win32
		{3A214E06-B95E-4D61-A291-1F8DF2EC10FD}.Release|Win32.Build.0 = Release|Win32
		{3A214E06-B95E-4D61-A291-1F8DF2EC10FD}.Release|x64.ActiveCfg = Release|x64
		{3A214E06-B95E-4D61-A291-1F8DF2EC10FD}.Release|x64.Build.0 = Release|x64
		{15CBFEFF-7965-41F5-B4E2-21E8795C9159}.Debug|Win32.ActiveCfg = Debug|Win32
		{15CBFEFF-7965-41F5-B4E2-21E8795C9159}.Debug|Win32.Build.0 = Debug|Win32
		{15CBFEFF-7965-41F5-B4E2-21E8795C9159}.Debug|x64.ActiveCfg = Debug|x64
		{15CBFEFF-7965-41F5-B4E2-21E8795C9159}.Debug|x64.Build.0 = Debug|x64
		{15CBFEFF-7965-41F5-B4E2-21E8795C9159}.Release|Win32.ActiveCfg = Release|Win32
		{15CBFEFF-7965-41F5-B4E2-21E8795C9159}.Release|Win32.Build.0 = Release|Win32
		{15CBFEFF-7965-41F5-B4E2-21E8795C9159}.Release|x64.ActiveCfg = Release|x64
		{15CBFEFF-7965-41F5-B4E2-21E8795C9159}.Release|x64.Build.0 = Release|x64
		{CEBDE98B-A6AA-46E6-BC79-FAAF823DB9EC}.Debug|Win32.ActiveCfg = Debug|Win32
		{CEBDE98B-A6AA-46E6-BC79-FAAF823DB9EC}.Debug|Win32.Build.0 = Debug|Win32
		{CEBDE98B-A6AA-46E6-BC79-FAAF823DB9EC}.Debug|x64.ActiveCfg = Debug|x64
		{CEBDE98B-A6AA-46E6-BC79-FAAF823DB9EC}.Debug|x64.Build.0 = Debug|x64
		{CEBDE98B-A6AA-46E6-BC79-FAAF823DB9EC}.Release|Win32.ActiveCfg = Release|Win32
		{CEBDE98B-A6AA-46E6-BC79-FAAF823DB9EC}.Release|Win32.Build.0 = Release|Win32
		{CEBDE98B-A6AA-46E6-BC79-FAAF823DB9EC}.Release|x64.ActiveCfg = Release|x64
		{CEBDE98B-A6AA-46E6-BC79-FAAF823DB9EC}.Release|x64.Build.0 = Release|x64
	EndGlobalSection
	GlobalSection(SolutionProperties) = preSolution
		HideSolutionNode = FALSE
	EndGlobalSection
	GlobalSection(NestedProjects) = preSolution
		{5C7A564B-3264-41C0-B2F7-D0A58B09A57B} = {B6B7F81A-EE0E-4155-9AED-A52BDF487820}
		{81CE8DAF-EBB2-4761-8E45-B71ABCCA8C68} = {19120C62-3B01-4CC5-AF59-816AA1D60B3A}
		{92C379EB-18C9-41B6-9F8C-11D9F6DC52F2} = {19120C62-3B01-4CC5-AF59-816AA1D60B3A}
		{19120C62-3B01-4CC5-AF59-816AA1D60B3A} = {B6B7F81A-EE0E-4155-9AED-A52BDF487820}
		{E87D4C46-F029-49FF-B578-D99CF10C9400} = {19120C62-3B01-4CC5-AF59-816AA1D60B3A}
		{018046A5-4DC9-E545-922C-8DE3390856C4} = {E87D4C46-F029-49FF-B578-D99CF10C9400}
		{0E76368C-1B29-5B42-BE24-81E49E26CA3D} = {E87D4C46-F029-49FF-B578-D99CF10C9400}
		{05BC36B2-4D46-CB45-8382-50CD84C09783} = {E87D4C46-F029-49FF-B578-D99CF10C9400}
		{78B079BD-9FC7-4B9E-B4A6-96DA0F00248B} = {19120C62-3B01-4CC5-AF59-816AA1D60B3A}
		{019DBD2A-273D-4BA4-BF86-B5EFE2ED76B1} = {19120C62-3B01-4CC5-AF59-816AA1D60B3A}
		{60F89955-91C6-3A36-8000-13C592FEC2DF} = {19120C62-3B01-4CC5-AF59-816AA1D60B3A}
		{D6973076-9317-4EF2-A0B8-B7A18AC0713E} = {19120C62-3B01-4CC5-AF59-816AA1D60B3A}
		{3A214E06-B95E-4D61-A291-1F8DF2EC10FD} = {19120C62-3B01-4CC5-AF59-816AA1D60B3A}
		{15CBFEFF-7965-41F5-B4E2-21E8795C9159} = {19120C62-3B01-4CC5-AF59-816AA1D60B3A}
		{CEBDE98B-A6AA-46E6-BC79-FAAF823DB9EC} = {19120C62-3B01-4CC5-AF59-816AA1D60B3A}
	EndGlobalSection
EndGlobal
