
Microsoft Visual Studio Solution File, Format Version 12.00
# Visual Studio Express 2013 for Windows Desktop
VisualStudioVersion = 12.0.30723.0
MinimumVisualStudioVersion = 10.0.40219.1
Project("{8BC9CEB8-8B4A-11D0-8D11-00A0C91BC942}") = "ctt", "game\ctt\ctt.vcxproj", "{5C7A564B-3264-41C0-B2F7-D0A58B09A57B}"
	ProjectSection(ProjectDependencies) = postProject
		{0E76368C-1B29-5B42-BE24-81E49E26CA3D} = {0E76368C-1B29-5B42-BE24-81E49E26CA3D}
		{018046A5-4DC9-E545-922C-8DE3390856C4} = {018046A5-4DC9-E545-922C-8DE3390856C4}
		{81CE8DAF-EBB2-4761-8E45-B71ABCCA8C68} = {81CE8DAF-EBB2-4761-8E45-B71ABCCA8C68}
		{05BC36B2-4D46-CB45-8382-50CD84C09783} = {05BC36B2-4D46-CB45-8382-50CD84C09783}
		{92C379EB-18C9-41B6-9F8C-11D9F6DC52F2} = {92C379EB-18C9-41B6-9F8C-11D9F6DC52F2}
	EndProjectSection
EndProject
Project("{8BC9CEB8-8B4A-11D0-8D11-00A0C91BC942}") = "SDL2", "libs\SDL2-2.0.3\VisualC\SDL\SDL_VS2013.vcxproj", "{81CE8DAF-EBB2-4761-8E45-B71ABCCA8C68}"
EndProject
Project("{8BC9CEB8-8B4A-11D0-8D11-00A0C91BC942}") = "jsoncpp", "libs\jsoncpp\jsoncpp.vcxproj", "{92C379EB-18C9-41B6-9F8C-11D9F6DC52F2}"
EndProject
Project("{2150E333-8FDC-42A3-9474-1A3956D46DE8}") = "Engine", "Engine", "{B6B7F81A-EE0E-4155-9AED-A52BDF487820}"
EndProject
Project("{2150E333-8FDC-42A3-9474-1A3956D46DE8}") = "Libraries", "Libraries", "{19120C62-3B01-4CC5-AF59-816AA1D60B3A}"
EndProject
Project("{2150E333-8FDC-42A3-9474-1A3956D46DE8}") = "Bullet", "Bullet", "{E87D4C46-F029-49FF-B578-D99CF10C9400}"
EndProject
Project("{8BC9CEB8-8B4A-11D0-8D11-00A0C91BC942}") = "BulletCollision", "libs\bullet\build3\vs2010\BulletCollision.vcxproj", "{018046A5-4DC9-E545-922C-8DE3390856C4}"
EndProject
Project("{8BC9CEB8-8B4A-11D0-8D11-00A0C91BC942}") = "BulletDynamics", "libs\bullet\build3\vs2010\BulletDynamics.vcxproj", "{0E76368C-1B29-5B42-BE24-81E49E26CA3D}"
EndProject
Project("{8BC9CEB8-8B4A-11D0-8D11-00A0C91BC942}") = "LinearMath", "libs\bullet\build3\vs2010\LinearMath.vcxproj", "{05BC36B2-4D46-CB45-8382-50CD84C09783}"
EndProject
Global
	GlobalSection(SolutionConfigurationPlatforms) = preSolution
		Debug|Win32 = Debug|Win32
		Debug|x64 = Debug|x64
		Release|Win32 = Release|Win32
		Release|x64 = Release|x64
	EndGlobalSection
	GlobalSection(ProjectConfigurationPlatforms) = postSolution
		{5C7A564B-3264-41C0-B2F7-D0A58B09A57B}.Debug|Win32.ActiveCfg = Debug|Win32
		{5C7A564B-3264-41C0-B2F7-D0A58B09A57B}.Debug|Win32.Build.0 = Debug|Win32
		{5C7A564B-3264-41C0-B2F7-D0A58B09A57B}.Debug|x64.ActiveCfg = Debug|x64
		{5C7A564B-3264-41C0-B2F7-D0A58B09A57B}.Debug|x64.Build.0 = Debug|x64
		{5C7A564B-3264-41C0-B2F7-D0A58B09A57B}.Release|Win32.ActiveCfg = Release|Win32
		{5C7A564B-3264-41C0-B2F7-D0A58B09A57B}.Release|Win32.Build.0 = Release|Win32
		{5C7A564B-3264-41C0-B2F7-D0A58B09A57B}.Release|x64.ActiveCfg = Release|x64
		{5C7A564B-3264-41C0-B2F7-D0A58B09A57B}.Release|x64.Build.0 = Release|x64
		{81CE8DAF-EBB2-4761-8E45-B71ABCCA8C68}.Debug|Win32.ActiveCfg = Debug|Win32
		{81CE8DAF-EBB2-4761-8E45-B71ABCCA8C68}.Debug|Win32.Build.0 = Debug|Win32
		{81CE8DAF-EBB2-4761-8E45-B71ABCCA8C68}.Debug|x64.ActiveCfg = Debug|x64
		{81CE8DAF-EBB2-4761-8E45-B71ABCCA8C68}.Debug|x64.Build.0 = Debug|x64
		{81CE8DAF-EBB2-4761-8E45-B71ABCCA8C68}.Release|Win32.ActiveCfg = Release|Win32
		{81CE8DAF-EBB2-4761-8E45-B71ABCCA8C68}.Release|Win32.Build.0 = Release|Win32
		{81CE8DAF-EBB2-4761-8E45-B71ABCCA8C68}.Release|x64.ActiveCfg = Release|x64
		{81CE8DAF-EBB2-4761-8E45-B71ABCCA8C68}.Release|x64.Build.0 = Release|x64
		{92C379EB-18C9-41B6-9F8C-11D9F6DC52F2}.Debug|Win32.ActiveCfg = Debug|Win32
		{92C379EB-18C9-41B6-9F8C-11D9F6DC52F2}.Debug|Win32.Build.0 = Debug|Win32
		{92C379EB-18C9-41B6-9F8C-11D9F6DC52F2}.Debug|x64.ActiveCfg = Debug|Win32
		{92C379EB-18C9-41B6-9F8C-11D9F6DC52F2}.Release|Win32.ActiveCfg = Release|Win32
		{92C379EB-18C9-41B6-9F8C-11D9F6DC52F2}.Release|Win32.Build.0 = Release|Win32
		{92C379EB-18C9-41B6-9F8C-11D9F6DC52F2}.Release|x64.ActiveCfg = Release|Win32
		{018046A5-4DC9-E545-922C-8DE3390856C4}.Debug|Win32.ActiveCfg = Debug|Win32
		{018046A5-4DC9-E545-922C-8DE3390856C4}.Debug|Win32.Build.0 = Debug|Win32
		{018046A5-4DC9-E545-922C-8DE3390856C4}.Debug|x64.ActiveCfg = Debug|x64
		{018046A5-4DC9-E545-922C-8DE3390856C4}.Debug|x64.Build.0 = Debug|x64
		{018046A5-4DC9-E545-922C-8DE3390856C4}.Release|Win32.ActiveCfg = Release|Win32
		{018046A5-4DC9-E545-922C-8DE3390856C4}.Release|Win32.Build.0 = Release|Win32
		{018046A5-4DC9-E545-922C-8DE3390856C4}.Release|x64.ActiveCfg = Release|x64
		{018046A5-4DC9-E545-922C-8DE3390856C4}.Release|x64.Build.0 = Release|x64
		{0E76368C-1B29-5B42-BE24-81E49E26CA3D}.Debug|Win32.ActiveCfg = Debug|Win32
		{0E76368C-1B29-5B42-BE24-81E49E26CA3D}.Debug|Win32.Build.0 = Debug|Win32
		{0E76368C-1B29-5B42-BE24-81E49E26CA3D}.Debug|x64.ActiveCfg = Debug|x64
		{0E76368C-1B29-5B42-BE24-81E49E26CA3D}.Debug|x64.Build.0 = Debug|x64
		{0E76368C-1B29-5B42-BE24-81E49E26CA3D}.Release|Win32.ActiveCfg = Release|Win32
		{0E76368C-1B29-5B42-BE24-81E49E26CA3D}.Release|Win32.Build.0 = Release|Win32
		{0E76368C-1B29-5B42-BE24-81E49E26CA3D}.Release|x64.ActiveCfg = Release|x64
		{0E76368C-1B29-5B42-BE24-81E49E26CA3D}.Release|x64.Build.0 = Release|x64
		{05BC36B2-4D46-CB45-8382-50CD84C09783}.Debug|Win32.ActiveCfg = Debug|Win32
		{05BC36B2-4D46-CB45-8382-50CD84C09783}.Debug|Win32.Build.0 = Debug|Win32
		{05BC36B2-4D46-CB45-8382-50CD84C09783}.Debug|x64.ActiveCfg = Debug|x64
		{05BC36B2-4D46-CB45-8382-50CD84C09783}.Debug|x64.Build.0 = Debug|x64
		{05BC36B2-4D46-CB45-8382-50CD84C09783}.Release|Win32.ActiveCfg = Release|Win32
		{05BC36B2-4D46-CB45-8382-50CD84C09783}.Release|Win32.Build.0 = Release|Win32
		{05BC36B2-4D46-CB45-8382-50CD84C09783}.Release|x64.ActiveCfg = Release|x64
		{05BC36B2-4D46-CB45-8382-50CD84C09783}.Release|x64.Build.0 = Release|x64
	EndGlobalSection
	GlobalSection(SolutionProperties) = preSolution
		HideSolutionNode = FALSE
	EndGlobalSection
	GlobalSection(NestedProjects) = preSolution
		{5C7A564B-3264-41C0-B2F7-D0A58B09A57B} = {B6B7F81A-EE0E-4155-9AED-A52BDF487820}
		{81CE8DAF-EBB2-4761-8E45-B71ABCCA8C68} = {19120C62-3B01-4CC5-AF59-816AA1D60B3A}
		{92C379EB-18C9-41B6-9F8C-11D9F6DC52F2} = {19120C62-3B01-4CC5-AF59-816AA1D60B3A}
		{19120C62-3B01-4CC5-AF59-816AA1D60B3A} = {B6B7F81A-EE0E-4155-9AED-A52BDF487820}
		{E87D4C46-F029-49FF-B578-D99CF10C9400} = {19120C62-3B01-4CC5-AF59-816AA1D60B3A}
		{018046A5-4DC9-E545-922C-8DE3390856C4} = {E87D4C46-F029-49FF-B578-D99CF10C9400}
		{0E76368C-1B29-5B42-BE24-81E49E26CA3D} = {E87D4C46-F029-49FF-B578-D99CF10C9400}
		{05BC36B2-4D46-CB45-8382-50CD84C09783} = {E87D4C46-F029-49FF-B578-D99CF10C9400}
	EndGlobalSection
EndGlobal
